{
  "meteor": {},
  "dependencies": {
    "basePackages": {
      "router": {},
      "cookies": {}
    },
    "packages": {
      "router": {
        "git": "https://github.com/tmeasday/meteor-router.git",
        "tag": "v0.5.3",
        "commit": "7bd3a1bdd1099625bb8b49406d9b8f961d6f4a17"
      },
      "cookies": {
        "git": "https://github.com/subhog/meteor-cookies.git",
        "tag": "v0.1.2",
        "commit": "b3d16f85e0f5c389ce57d3208a8118f59c8dc723"
      },
      "page-js-ie-support": {
        "git": "https://github.com/tmeasday/meteor-page-js-ie-support.git",
        "tag": "v1.3.5",
        "commit": "b99ed8380aefd10b2afc8f18d9eed4dd0d8ea9cb"
      }
    }
  }
}
